
Microsoft Visual Studio Solution File, Format Version 12.00
# Visual Studio Version 17
VisualStudioVersion = 17.5.002.0
MinimumVisualStudioVersion = 10.0.40219.1
Project("{2150E333-8FDC-42A3-9474-1A3956D46DE8}") = "Mini_InstaPay", "Mini_InstaPay", "{874C59FA-73D8-4952-BEFA-47D85C306A85}"
EndProject
Project("{9A19103F-16F7-4668-BE54-9A1E7A4F7556}") = "Mini_InstaPay", "Mini_InstaPay\Mini_InstaPay\Mini_InstaPay.csproj", "{DFE74A5F-13B4-4D09-B90F-14E9B7DC0392}"
EndProject
Global
	GlobalSection(SolutionConfigurationPlatforms) = preSolution
		Debug|Any CPU = Debug|Any CPU
		Release|Any CPU = Release|Any CPU
	EndGlobalSection
	GlobalSection(ProjectConfigurationPlatforms) = postSolution
		{DFE74A5F-13B4-4D09-B90F-14E9B7DC0392}.Debug|Any CPU.ActiveCfg = Debug|Any CPU
		{DFE74A5F-13B4-4D09-B90F-14E9B7DC0392}.Debug|Any CPU.Build.0 = Debug|Any CPU
		{DFE74A5F-13B4-4D09-B90F-14E9B7DC0392}.Release|Any CPU.ActiveCfg = Release|Any CPU
		{DFE74A5F-13B4-4D09-B90F-14E9B7DC0392}.Release|Any CPU.Build.0 = Release|Any CPU
	EndGlobalSection
	GlobalSection(SolutionProperties) = preSolution
		HideSolutionNode = FALSE
	EndGlobalSection
	GlobalSection(NestedProjects) = preSolution
		{DFE74A5F-13B4-4D09-B90F-14E9B7DC0392} = {874C59FA-73D8-4952-BEFA-47D85C306A85}
	EndGlobalSection
	GlobalSection(ExtensibilityGlobals) = postSolution
		SolutionGuid = {67061187-2C0B-4CDC-AF4C-940A7CDFE02F}
	EndGlobalSection
EndGlobal
