
Microsoft Visual Studio Solution File, Format Version 12.00
# Visual Studio Version 17
VisualStudioVersion = 17.9.34622.214
MinimumVisualStudioVersion = 10.0.40219.1
Project("{9A19103F-16F7-4668-BE54-9A1E7A4F7556}") = "GUI-mini_insta", "GUI-mini_insta.csproj", "{933B054B-7FD9-429B-80FB-D16AE594CE58}"
EndProject
Global
	GlobalSection(SolutionConfigurationPlatforms) = preSolution
		Debug|Any CPU = Debug|Any CPU
		Release|Any CPU = Release|Any CPU
	EndGlobalSection
	GlobalSection(ProjectConfigurationPlatforms) = postSolution
		{933B054B-7FD9-429B-80FB-D16AE594CE58}.Debug|Any CPU.ActiveCfg = Debug|Any CPU
		{933B054B-7FD9-429B-80FB-D16AE594CE58}.Debug|Any CPU.Build.0 = Debug|Any CPU
		{933B054B-7FD9-429B-80FB-D16AE594CE58}.Release|Any CPU.ActiveCfg = Release|Any CPU
		{933B054B-7FD9-429B-80FB-D16AE594CE58}.Release|Any CPU.Build.0 = Release|Any CPU
	EndGlobalSection
	GlobalSection(SolutionProperties) = preSolution
		HideSolutionNode = FALSE
	EndGlobalSection
	GlobalSection(ExtensibilityGlobals) = postSolution
		SolutionGuid = {DF0289E9-8FC1-4708-9645-5153FD4E0F11}
	EndGlobalSection
EndGlobal
